Microsoft Visual Studio Solution File, Format Version 12.00
# Visual Studio 2012
Project("{FAE04EC0-301F-11D3-BF4B-00C04F79EFBC}") = "Sonic Remake Project", "Sonic Remake Project.csproj", "{DBD1D26C-2BE2-46BA-8F4A-420E09BC8A39}"
EndProject
Global
	GlobalSection(SolutionConfigurationPlatforms) = preSolution
	Debug|Any CPU = Debug|Any CPU
	ExportDebug|Any CPU = ExportDebug|Any CPU
	ExportRelease|Any CPU = ExportRelease|Any CPU
	EndGlobalSection
	GlobalSection(ProjectConfigurationPlatforms) = postSolution
		{DBD1D26C-2BE2-46BA-8F4A-420E09BC8A39}.Debug|Any CPU.ActiveCfg = Debug|Any CPU
		{DBD1D26C-2BE2-46BA-8F4A-420E09BC8A39}.Debug|Any CPU.Build.0 = Debug|Any CPU
		{DBD1D26C-2BE2-46BA-8F4A-420E09BC8A39}.ExportDebug|Any CPU.ActiveCfg = ExportDebug|Any CPU
		{DBD1D26C-2BE2-46BA-8F4A-420E09BC8A39}.ExportDebug|Any CPU.Build.0 = ExportDebug|Any CPU
		{DBD1D26C-2BE2-46BA-8F4A-420E09BC8A39}.ExportRelease|Any CPU.ActiveCfg = ExportRelease|Any CPU
		{DBD1D26C-2BE2-46BA-8F4A-420E09BC8A39}.ExportRelease|Any CPU.Build.0 = ExportRelease|Any CPU
	EndGlobalSection
EndGlobal
