Microsoft Visual Studio Solution File, Format Version 12.00
# Visual Studio 2012
Project("{FAE04EC0-301F-11D3-BF4B-00C04F79EFBC}") = "Sonic Remake Project", "Sonic Remake Project.csproj", "{55E7BE2C-78E6-4323-A867-D812B05825CC}"
EndProject
Global
	GlobalSection(SolutionConfigurationPlatforms) = preSolution
	Debug|Any CPU = Debug|Any CPU
	ExportDebug|Any CPU = ExportDebug|Any CPU
	ExportRelease|Any CPU = ExportRelease|Any CPU
	EndGlobalSection
	GlobalSection(ProjectConfigurationPlatforms) = postSolution
		{55E7BE2C-78E6-4323-A867-D812B05825CC}.Debug|Any CPU.ActiveCfg = Debug|Any CPU
		{55E7BE2C-78E6-4323-A867-D812B05825CC}.Debug|Any CPU.Build.0 = Debug|Any CPU
		{55E7BE2C-78E6-4323-A867-D812B05825CC}.ExportDebug|Any CPU.ActiveCfg = ExportDebug|Any CPU
		{55E7BE2C-78E6-4323-A867-D812B05825CC}.ExportDebug|Any CPU.Build.0 = ExportDebug|Any CPU
		{55E7BE2C-78E6-4323-A867-D812B05825CC}.ExportRelease|Any CPU.ActiveCfg = ExportRelease|Any CPU
		{55E7BE2C-78E6-4323-A867-D812B05825CC}.ExportRelease|Any CPU.Build.0 = ExportRelease|Any CPU
	EndGlobalSection
EndGlobal
