Microsoft Visual Studio Solution File, Format Version 12.00
# Visual Studio 2012
Project("{FAE04EC0-301F-11D3-BF4B-00C04F79EFBC}") = "Sonic Remake Project", "Sonic Remake Project.csproj", "{0DC354B4-EEE1-4B9E-B26B-D284E7F3F91B}"
EndProject
Global
	GlobalSection(SolutionConfigurationPlatforms) = preSolution
	Debug|Any CPU = Debug|Any CPU
	ExportDebug|Any CPU = ExportDebug|Any CPU
	ExportRelease|Any CPU = ExportRelease|Any CPU
	EndGlobalSection
	GlobalSection(ProjectConfigurationPlatforms) = postSolution
		{0DC354B4-EEE1-4B9E-B26B-D284E7F3F91B}.Debug|Any CPU.ActiveCfg = Debug|Any CPU
		{0DC354B4-EEE1-4B9E-B26B-D284E7F3F91B}.Debug|Any CPU.Build.0 = Debug|Any CPU
		{0DC354B4-EEE1-4B9E-B26B-D284E7F3F91B}.ExportDebug|Any CPU.ActiveCfg = ExportDebug|Any CPU
		{0DC354B4-EEE1-4B9E-B26B-D284E7F3F91B}.ExportDebug|Any CPU.Build.0 = ExportDebug|Any CPU
		{0DC354B4-EEE1-4B9E-B26B-D284E7F3F91B}.ExportRelease|Any CPU.ActiveCfg = ExportRelease|Any CPU
		{0DC354B4-EEE1-4B9E-B26B-D284E7F3F91B}.ExportRelease|Any CPU.Build.0 = ExportRelease|Any CPU
	EndGlobalSection
EndGlobal
